Microsoft Visual Studio Solution File, Format Version 11.00
# Visual Studio 2008

Project("{7CAC96D5-AF63-A3B0-C258-A64C6380FEF3}") = "2Dtelecom", "Assembly-CSharp-firstpass.csproj", "{7853C15D-F37A-7469-2762-5FF201925274}"
EndProject
Project("{7CAC96D5-AF63-A3B0-C258-A64C6380FEF3}") = "2Dtelecom", "Assembly-CSharp.csproj", "{8D9B528A-E149-E54A-C471-C049A4AC5624}"
EndProject
Project("{7CAC96D5-AF63-A3B0-C258-A64C6380FEF3}") = "2Dtelecom", "Assembly-CSharp-Editor.csproj", "{5590C4E9-E49F-814D-0198-F724F3184104}"
EndProject
Global
	GlobalSection(SolutionConfigurationPlatforms) = preSolution
		Debug|Any CPU = Debug|Any CPU
		Release|Any CPU = Release|Any CPU
	EndGlobalSection
	GlobalSection(ProjectConfigurationPlatforms) = postSolution
		{7853C15D-F37A-7469-2762-5FF201925274}.Debug|Any CPU.ActiveCfg = Debug|Any CPU
		{7853C15D-F37A-7469-2762-5FF201925274}.Debug|Any CPU.Build.0 = Debug|Any CPU
		{7853C15D-F37A-7469-2762-5FF201925274}.Release|Any CPU.ActiveCfg = Release|Any CPU
		{7853C15D-F37A-7469-2762-5FF201925274}.Release|Any CPU.Build.0 = Release|Any CPU
		{8D9B528A-E149-E54A-C471-C049A4AC5624}.Debug|Any CPU.ActiveCfg = Debug|Any CPU
		{8D9B528A-E149-E54A-C471-C049A4AC5624}.Debug|Any CPU.Build.0 = Debug|Any CPU
		{8D9B528A-E149-E54A-C471-C049A4AC5624}.Release|Any CPU.ActiveCfg = Release|Any CPU
		{8D9B528A-E149-E54A-C471-C049A4AC5624}.Release|Any CPU.Build.0 = Release|Any CPU
		{5590C4E9-E49F-814D-0198-F724F3184104}.Debug|Any CPU.ActiveCfg = Debug|Any CPU
		{5590C4E9-E49F-814D-0198-F724F3184104}.Debug|Any CPU.Build.0 = Debug|Any CPU
		{5590C4E9-E49F-814D-0198-F724F3184104}.Release|Any CPU.ActiveCfg = Release|Any CPU
		{5590C4E9-E49F-814D-0198-F724F3184104}.Release|Any CPU.Build.0 = Release|Any CPU
	EndGlobalSection
	GlobalSection(SolutionProperties) = preSolution
		HideSolutionNode = FALSE
	EndGlobalSection
																																							GlobalSection(MonoDevelopProperties) = preSolution
		StartupItem = Assembly-CSharp.csproj
		Policies = $0
		$0.TextStylePolicy = $1
		$1.inheritsSet = null
		$1.scope = text/x-csharp
		$0.CSharpFormattingPolicy = $2
		$2.inheritsSet = Mono
		$2.inheritsScope = text/x-csharp
		$2.scope = text/x-csharp
		$0.TextStylePolicy = $3
		$3.FileWidth = 120
		$3.TabWidth = 4
		$3.IndentWidth = 4
		$3.EolMarker = Unix
		$3.inheritsSet = Mono
		$3.inheritsScope = text/plain
		$3.scope = text/plain
	EndGlobalSection

EndGlobal
